
Microsoft Visual Studio Solution File, Format Version 12.00
# Visual Studio 15
VisualStudioVersion = 15.0.27703.2042
MinimumVisualStudioVersion = 10.0.40219.1
Project("{9A19103F-16F7-4668-BE54-9A1E7A4F7556}") = "SportsStore", "SportsStore\SportsStore.csproj", "{9212437B-551E-4778-AFD4-0E94CAE5A8F8}"
EndProject
Project("{9A19103F-16F7-4668-BE54-9A1E7A4F7556}") = "SportsStore.Tests", "SportsStore.Tests\SportsStore.Tests.csproj", "{B22F00A1-FF13-453A-8E5A-FA9F0E9785EB}"
EndProject
Project("{FAE04EC0-301F-11D3-BF4B-00C04F79EFBC}") = "Await", "Await\Await.csproj", "{0B5A86BC-EBCC-4BE4-BEC5-FB6BB7311BF8}"
EndProject
Global
	GlobalSection(SolutionConfigurationPlatforms) = preSolution
		Debug|Any CPU = Debug|Any CPU
		Release|Any CPU = Release|Any CPU
	EndGlobalSection
	GlobalSection(ProjectConfigurationPlatforms) = postSolution
		{9212437B-551E-4778-AFD4-0E94CAE5A8F8}.Debug|Any CPU.ActiveCfg = Debug|Any CPU
		{9212437B-551E-4778-AFD4-0E94CAE5A8F8}.Debug|Any CPU.Build.0 = Debug|Any CPU
		{9212437B-551E-4778-AFD4-0E94CAE5A8F8}.Release|Any CPU.ActiveCfg = Release|Any CPU
		{9212437B-551E-4778-AFD4-0E94CAE5A8F8}.Release|Any CPU.Build.0 = Release|Any CPU
		{B22F00A1-FF13-453A-8E5A-FA9F0E9785EB}.Debug|Any CPU.ActiveCfg = Debug|Any CPU
		{B22F00A1-FF13-453A-8E5A-FA9F0E9785EB}.Debug|Any CPU.Build.0 = Debug|Any CPU
		{B22F00A1-FF13-453A-8E5A-FA9F0E9785EB}.Release|Any CPU.ActiveCfg = Release|Any CPU
		{B22F00A1-FF13-453A-8E5A-FA9F0E9785EB}.Release|Any CPU.Build.0 = Release|Any CPU
		{0B5A86BC-EBCC-4BE4-BEC5-FB6BB7311BF8}.Debug|Any CPU.ActiveCfg = Debug|Any CPU
		{0B5A86BC-EBCC-4BE4-BEC5-FB6BB7311BF8}.Debug|Any CPU.Build.0 = Debug|Any CPU
		{0B5A86BC-EBCC-4BE4-BEC5-FB6BB7311BF8}.Release|Any CPU.ActiveCfg = Release|Any CPU
		{0B5A86BC-EBCC-4BE4-BEC5-FB6BB7311BF8}.Release|Any CPU.Build.0 = Release|Any CPU
	EndGlobalSection
	GlobalSection(SolutionProperties) = preSolution
		HideSolutionNode = FALSE
	EndGlobalSection
	GlobalSection(ExtensibilityGlobals) = postSolution
		SolutionGuid = {EBDE5131-8D2D-446A-900E-606F03C9A817}
	EndGlobalSection
EndGlobal
